<Solution>
  <Folder Name="/src/">
    <Project Path="src/Orleans.Dataflow.Abstractions/Orleans.Dataflow.Abstractions.csproj" />
    <Project Path="src/Orleans.Dataflow/Orleans.Dataflow.csproj" />
    <Project Path="src/Orleans.Dataflow.Cluster/Orleans.Dataflow.Cluster.csproj" />
    <Project Path="src/Orleans.Dataflow.FSharp/Orleans.Dataflow.FSharp.fsproj" />
    <Project Path="src/Orleans.Dataflow.Testing/Orleans.Dataflow.Testing.csproj" />
  </Folder>
  <Folder Name="/benchmarks/">
    <Project Path="benchmarks/Orleans.Dataflow.Benchmarks/Orleans.Dataflow.Benchmarks.csproj" />
  </Folder>
  <Folder Name="/samples/">
    <Project Path="samples/Orleans.Dataflow.Samples/Orleans.Dataflow.Samples.csproj" />
    <Project Path="samples/Orleans.Dataflow.Samples.FSharp/Orleans.Dataflow.Samples.FSharp.fsproj" />
  </Folder>
  <Folder Name="/tests/">
    <Project Path="tests/Orleans.Dataflow.FSharpTests/Orleans.Dataflow.FSharpTests.fsproj" />
    <Project Path="tests/Orleans.Dataflow.ClusterTests/Orleans.Dataflow.ClusterTests.csproj" />
    <Project Path="tests/Orleans.Dataflow.Tests/Orleans.Dataflow.Tests.csproj" />
  </Folder>
</Solution>
